
Microsoft Visual Studio Solution File, Format Version 12.00
# Visual Studio Version 17
VisualStudioVersion = 17.10.34916.146
MinimumVisualStudioVersion = 10.0.40219.1
Project("{2150E333-8FDC-42A3-9474-1A3956D46DE8}") = "Solution Items", "Solution Items", "{A1EC5EE8-4141-4F76-8425-CB7D373D1C21}"
	ProjectSection(SolutionItems) = preProject
		.editorconfig = .editorconfig
		Directory.Build.props = Directory.Build.props
		Directory.Packages.props = Directory.Packages.props
		LoneWorkerCheckin.code-workspace = LoneWorkerCheckin.code-workspace
	EndProjectSection
EndProject
Project("{9A19103F-16F7-4668-BE54-9A1E7A4F7556}") = "LoneWorkerCheckin.Api", "LoneWorkerCheckin.Api\LoneWorkerCheckin.Api.csproj", "{70F1CBBE-45BF-466D-A39F-1133D0CCB9C3}"
EndProject
Project("{2150E333-8FDC-42A3-9474-1A3956D46DE8}") = "HttpScripts", "HttpScripts", "{785A41DE-3424-4F6E-8140-E51EB090A99C}"
EndProject
Project("{9A19103F-16F7-4668-BE54-9A1E7A4F7556}") = "LoneWorkerCheckin.AppHost", "LoneWorkerCheckin.AppHost\LoneWorkerCheckin.AppHost.csproj", "{B3294599-158E-40FA-BFDD-20DAB88BDA25}"
EndProject
Project("{9A19103F-16F7-4668-BE54-9A1E7A4F7556}") = "LoneWorkerCheckin.ServiceDefaults", "LoneWorkerCheckin.ServiceDefaults\LoneWorkerCheckin.ServiceDefaults.csproj", "{D3C7FCFF-C8DA-4DCD-8008-99F530633475}"
EndProject
Project("{9A19103F-16F7-4668-BE54-9A1E7A4F7556}") = "LoneWorkerCheckin.MVC", "LoneWorkerCheckin.MVC\LoneWorkerCheckin.MVC.csproj", "{8D02F03B-0A8F-471C-B72A-346832C82B01}"
EndProject
Project("{FAE04EC0-301F-11D3-BF4B-00C04F79EFBC}") = "LoneWorkerCheckin.Api.Client", "LoneWorkerCheckin.Api.Client\LoneWorkerCheckin.Api.Client.csproj", "{21AA5803-F6A1-4EA0-9682-0D68894E4726}"
EndProject
Global
	GlobalSection(SolutionConfigurationPlatforms) = preSolution
		Debug|Any CPU = Debug|Any CPU
		Release|Any CPU = Release|Any CPU
	EndGlobalSection
	GlobalSection(ProjectConfigurationPlatforms) = postSolution
		{70F1CBBE-45BF-466D-A39F-1133D0CCB9C3}.Debug|Any CPU.ActiveCfg = Debug|Any CPU
		{70F1CBBE-45BF-466D-A39F-1133D0CCB9C3}.Debug|Any CPU.Build.0 = Debug|Any CPU
		{70F1CBBE-45BF-466D-A39F-1133D0CCB9C3}.Release|Any CPU.ActiveCfg = Release|Any CPU
		{70F1CBBE-45BF-466D-A39F-1133D0CCB9C3}.Release|Any CPU.Build.0 = Release|Any CPU
		{B3294599-158E-40FA-BFDD-20DAB88BDA25}.Debug|Any CPU.ActiveCfg = Debug|Any CPU
		{B3294599-158E-40FA-BFDD-20DAB88BDA25}.Debug|Any CPU.Build.0 = Debug|Any CPU
		{B3294599-158E-40FA-BFDD-20DAB88BDA25}.Release|Any CPU.ActiveCfg = Release|Any CPU
		{B3294599-158E-40FA-BFDD-20DAB88BDA25}.Release|Any CPU.Build.0 = Release|Any CPU
		{D3C7FCFF-C8DA-4DCD-8008-99F530633475}.Debug|Any CPU.ActiveCfg = Debug|Any CPU
		{D3C7FCFF-C8DA-4DCD-8008-99F530633475}.Debug|Any CPU.Build.0 = Debug|Any CPU
		{D3C7FCFF-C8DA-4DCD-8008-99F530633475}.Release|Any CPU.ActiveCfg = Release|Any CPU
		{D3C7FCFF-C8DA-4DCD-8008-99F530633475}.Release|Any CPU.Build.0 = Release|Any CPU
		{8D02F03B-0A8F-471C-B72A-346832C82B01}.Debug|Any CPU.ActiveCfg = Debug|Any CPU
		{8D02F03B-0A8F-471C-B72A-346832C82B01}.Debug|Any CPU.Build.0 = Debug|Any CPU
		{8D02F03B-0A8F-471C-B72A-346832C82B01}.Release|Any CPU.ActiveCfg = Release|Any CPU
		{8D02F03B-0A8F-471C-B72A-346832C82B01}.Release|Any CPU.Build.0 = Release|Any CPU
		{21AA5803-F6A1-4EA0-9682-0D68894E4726}.Debug|Any CPU.ActiveCfg = Debug|Any CPU
		{21AA5803-F6A1-4EA0-9682-0D68894E4726}.Debug|Any CPU.Build.0 = Debug|Any CPU
		{21AA5803-F6A1-4EA0-9682-0D68894E4726}.Release|Any CPU.ActiveCfg = Release|Any CPU
		{21AA5803-F6A1-4EA0-9682-0D68894E4726}.Release|Any CPU.Build.0 = Release|Any CPU
	EndGlobalSection
	GlobalSection(SolutionProperties) = preSolution
		HideSolutionNode = FALSE
	EndGlobalSection
	GlobalSection(ExtensibilityGlobals) = postSolution
		SolutionGuid = {6FD88C84-59B1-4321-9947-24BFE685EFD1}
	EndGlobalSection
EndGlobal
